
Microsoft Visual Studio Solution File, Format Version 12.00
# Visual Studio Version 16
VisualStudioVersion = 16.0.32901.82
MinimumVisualStudioVersion = 10.0.40219.1
Project("{FAE04EC0-301F-11D3-BF4B-00C04F79EFBC}") = "лаб1ооп", "лаб1ооп\лаб1ооп.csproj", "{E4C1F635-56C9-4A5A-BD6C-B34E4171FE36}"
EndProject
Project("{FAE04EC0-301F-11D3-BF4B-00C04F79EFBC}") = "лаб1ооп2", "лаб1ооп2\лаб1ооп2.csproj", "{3810E9E9-5585-439C-BA5D-E61D14733CD0}"
EndProject
Global
	GlobalSection(SolutionConfigurationPlatforms) = preSolution
		Debug|Any CPU = Debug|Any CPU
		Release|Any CPU = Release|Any CPU
	EndGlobalSection
	GlobalSection(ProjectConfigurationPlatforms) = postSolution
		{E4C1F635-56C9-4A5A-BD6C-B34E4171FE36}.Debug|Any CPU.ActiveCfg = Debug|Any CPU
		{E4C1F635-56C9-4A5A-BD6C-B34E4171FE36}.Debug|Any CPU.Build.0 = Debug|Any CPU
		{E4C1F635-56C9-4A5A-BD6C-B34E4171FE36}.Release|Any CPU.ActiveCfg = Release|Any CPU
		{E4C1F635-56C9-4A5A-BD6C-B34E4171FE36}.Release|Any CPU.Build.0 = Release|Any CPU
		{3810E9E9-5585-439C-BA5D-E61D14733CD0}.Debug|Any CPU.ActiveCfg = Debug|Any CPU
		{3810E9E9-5585-439C-BA5D-E61D14733CD0}.Debug|Any CPU.Build.0 = Debug|Any CPU
		{3810E9E9-5585-439C-BA5D-E61D14733CD0}.Release|Any CPU.ActiveCfg = Release|Any CPU
		{3810E9E9-5585-439C-BA5D-E61D14733CD0}.Release|Any CPU.Build.0 = Release|Any CPU
	EndGlobalSection
	GlobalSection(SolutionProperties) = preSolution
		HideSolutionNode = FALSE
	EndGlobalSection
	GlobalSection(ExtensibilityGlobals) = postSolution
		SolutionGuid = {610B4637-9B17-4486-AA34-D661EC8D105D}
	EndGlobalSection
EndGlobal
